// !$*UTF8*$!
{
	archiveVersion = 1;
	classes = {
	};
	objectVersion = 46;
	objects = {

/* Begin PBXBuildFile section */
		7D986FD7E27BA9049DD289FB /* libPods-Monet.a in Frameworks */ = {isa = PBXBuildFile; fileRef = EA53E93C1086AEABDEE2E1B5 /* libPods-Monet.a */; };
		8D2F812A1AF74BCE0093430D /* main.m in Sources */ = {isa = PBXBuildFile; fileRef = 8D2F81291AF74BCE0093430D /* main.m */; };
		8D2F812D1AF74BCE0093430D /* AppDelegate.m in Sources */ = {isa = PBXBuildFile; fileRef = 8D2F812C1AF74BCE0093430D /* AppDelegate.m */; };
		8D2F81331AF74BCE0093430D /* Main.storyboard in Resources */ = {isa = PBXBuildFile; fileRef = 8D2F81311AF74BCE0093430D /* Main.storyboard */; };
		8D2F81381AF74BCE0093430D /* LaunchScreen.xib in Resources */ = {isa = PBXBuildFile; fileRef = 8D2F81361AF74BCE0093430D /* LaunchScreen.xib */; };
		8D2F81441AF74BCE0093430D /* MonetTests.m in Sources */ = {isa = PBXBuildFile; fileRef = 8D2F81431AF74BCE0093430D /* MonetTests.m */; };
		8D9D0EDC1B0D6CC4002317BD /* UIImage+DCHColorArt.m in Sources */ = {isa = PBXBuildFile; fileRef = 8D9D0EDB1B0D6CC4002317BD /* UIImage+DCHColorArt.m */; };
		8D9D0EE51B0D73A4002317BD /* ColoeArtTableViewController.m in Sources */ = {isa = PBXBuildFile; fileRef = 8D9D0EE31B0D73A4002317BD /* ColoeArtTableViewController.m */; };
		8D9D0EE91B0D7404002317BD /* DCHLinearGradientView.m in Sources */ = {isa = PBXBuildFile; fileRef = 8D9D0EE81B0D7404002317BD /* DCHLinearGradientView.m */; };
		8D9D0EED1B0D7FF9002317BD /* ColorArtTableViewCell.m in Sources */ = {isa = PBXBuildFile; fileRef = 8D9D0EEB1B0D7FF9002317BD /* ColorArtTableViewCell.m */; };
		8DBC40411AF790F5006CCEC8 /* MMTAnimationTableViewController.m in Sources */ = {isa = PBXBuildFile; fileRef = 8DBC40401AF790F5006CCEC8 /* MMTAnimationTableViewController.m */; };
		8DCA7B6C1B0F71C000AB8FB7 /* Images.xcassets in Resources */ = {isa = PBXBuildFile; fileRef = 8DCA7B6B1B0F71C000AB8FB7 /* Images.xcassets */; };
		8DF1A7461B0CA714007A9DE1 /* DCHBubbleAnimatedTransitioning.m in Sources */ = {isa = PBXBuildFile; fileRef = 8DF1A7421B0CA714007A9DE1 /* DCHBubbleAnimatedTransitioning.m */; };
		8DF1A7471B0CA714007A9DE1 /* TLSpringFlowLayout.m in Sources */ = {isa = PBXBuildFile; fileRef = 8DF1A7451B0CA714007A9DE1 /* TLSpringFlowLayout.m */; };
		8DF1A74B1B0CA90A007A9DE1 /* BubbleTransitionViewController.m in Sources */ = {isa = PBXBuildFile; fileRef = 8DF1A7491B0CA90A007A9DE1 /* BubbleTransitionViewController.m */; };
		8DF1A74C1B0CA90A007A9DE1 /* BubbleTransitionViewController.xib in Resources */ = {isa = PBXBuildFile; fileRef = 8DF1A74A1B0CA90A007A9DE1 /* BubbleTransitionViewController.xib */; };
		8DF1A7501B0CA929007A9DE1 /* BubbleTransitionModalViewController.m in Sources */ = {isa = PBXBuildFile; fileRef = 8DF1A74E1B0CA929007A9DE1 /* BubbleTransitionModalViewController.m */; };
		8DF1A7511B0CA929007A9DE1 /* BubbleTransitionModalViewController.xib in Resources */ = {isa = PBXBuildFile; fileRef = 8DF1A74F1B0CA929007A9DE1 /* BubbleTransitionModalViewController.xib */; };
		BBC9469849B5929EFE5EAFEC /* libPods-MonetTests.a in Frameworks */ = {isa = PBXBuildFile; fileRef = 49954E62A686DB6415C71487 /* libPods-MonetTests.a */; };
/* End PBXBuildFile section */

/* Begin PBXContainerItemProxy section */
		8D2F813E1AF74BCE0093430D /* PBXContainerItemProxy */ = {
			isa = PBXContainerItemProxy;
			containerPortal = 8D2F811C1AF74BCE0093430D /* Project object */;
			proxyType = 1;
			remoteGlobalIDString = 8D2F81231AF74BCE0093430D;
			remoteInfo = Monet;
		};
/* End PBXContainerItemProxy section */

/* Begin PBXFileReference section */
		04235E4F6EA1BA26E7E54E70 /* Pods-Monet.release.xcconfig */ = {isa = PBXFileReference; includeInIndex = 1; lastKnownFileType = text.xcconfig; name = "Pods-Monet.release.xcconfig"; path = "Pods/Target Support Files/Pods-Monet/Pods-Monet.release.xcconfig"; sourceTree = "<group>"; };
		49954E62A686DB6415C71487 /* libPods-MonetTests.a */ = {isa = PBXFileReference; explicitFileType = archive.ar; includeInIndex = 0; path = "libPods-MonetTests.a"; sourceTree = BUILT_PRODUCTS_DIR; };
		8D2F81241AF74BCE0093430D /* Monet.app */ = {isa = PBXFileReference; explicitFileType = wrapper.application; includeInIndex = 0; path = Monet.app; sourceTree = BUILT_PRODUCTS_DIR; };
		8D2F81281AF74BCE0093430D /* Info.plist */ = {isa = PBXFileReference; lastKnownFileType = text.plist.xml; path = Info.plist; sourceTree = "<group>"; };
		8D2F81291AF74BCE0093430D /* main.m */ = {isa = PBXFileReference; lastKnownFileType = sourcecode.c.objc; path = main.m; sourceTree = "<group>"; };
		8D2F812B1AF74BCE0093430D /* AppDelegate.h */ = {isa = PBXFileReference; lastKnownFileType = sourcecode.c.h; path = AppDelegate.h; sourceTree = "<group>"; };
		8D2F812C1AF74BCE0093430D /* AppDelegate.m */ = {isa = PBXFileReference; lastKnownFileType = sourcecode.c.objc; path = AppDelegate.m; sourceTree = "<group>"; };
		8D2F81321AF74BCE0093430D /* Base */ = {isa = PBXFileReference; lastKnownFileType = file.storyboard; name = Base; path = Base.lproj/Main.storyboard; sourceTree = "<group>"; };
		8D2F81371AF74BCE0093430D /* Base */ = {isa = PBXFileReference; lastKnownFileType = file.xib; name = Base; path = Base.lproj/LaunchScreen.xib; sourceTree = "<group>"; };
		8D2F813D1AF74BCE0093430D /* MonetTests.xctest */ = {isa = PBXFileReference; explicitFileType = wrapper.cfbundle; includeInIndex = 0; path = MonetTests.xctest; sourceTree = BUILT_PRODUCTS_DIR; };
		8D2F81421AF74BCE0093430D /* Info.plist */ = {isa = PBXFileReference; lastKnownFileType = text.plist.xml; path = Info.plist; sourceTree = "<group>"; };
		8D2F81431AF74BCE0093430D /* MonetTests.m */ = {isa = PBXFileReference; lastKnownFileType = sourcecode.c.objc; path = MonetTests.m; sourceTree = "<group>"; };
		8D9D0EDA1B0D6CC4002317BD /* UIImage+DCHColorArt.h */ = {isa = PBXFileReference; fileEncoding = 4; lastKnownFileType = sourcecode.c.h; path = "UIImage+DCHColorArt.h"; sourceTree = "<group>"; };
		8D9D0EDB1B0D6CC4002317BD /* UIImage+DCHColorArt.m */ = {isa = PBXFileReference; fileEncoding = 4; lastKnownFileType = sourcecode.c.objc; path = "UIImage+DCHColorArt.m"; sourceTree = "<group>"; };
		8D9D0EE21B0D73A4002317BD /* ColoeArtTableViewController.h */ = {isa = PBXFileReference; fileEncoding = 4; lastKnownFileType = sourcecode.c.h; path = ColoeArtTableViewController.h; sourceTree = "<group>"; };
		8D9D0EE31B0D73A4002317BD /* ColoeArtTableViewController.m */ = {isa = PBXFileReference; fileEncoding = 4; lastKnownFileType = sourcecode.c.objc; path = ColoeArtTableViewController.m; sourceTree = "<group>"; };
		8D9D0EE71B0D7404002317BD /* DCHLinearGradientView.h */ = {isa = PBXFileReference; fileEncoding = 4; lastKnownFileType = sourcecode.c.h; path = DCHLinearGradientView.h; sourceTree = "<group>"; };
		8D9D0EE81B0D7404002317BD /* DCHLinearGradientView.m */ = {isa = PBXFileReference; fileEncoding = 4; lastKnownFileType = sourcecode.c.objc; path = DCHLinearGradientView.m; sourceTree = "<group>"; };
		8D9D0EEA1B0D7FF9002317BD /* ColorArtTableViewCell.h */ = {isa = PBXFileReference; fileEncoding = 4; lastKnownFileType = sourcecode.c.h; path = ColorArtTableViewCell.h; sourceTree = "<group>"; };
		8D9D0EEB1B0D7FF9002317BD /* ColorArtTableViewCell.m */ = {isa = PBXFileReference; fileEncoding = 4; lastKnownFileType = sourcecode.c.objc; path = ColorArtTableViewCell.m; sourceTree = "<group>"; };
		8DBC403F1AF790F5006CCEC8 /* MMTAnimationTableViewController.h */ = {isa = PBXFileReference; fileEncoding = 4; lastKnownFileType = sourcecode.c.h; path = MMTAnimationTableViewController.h; sourceTree = "<group>"; };
		8DBC40401AF790F5006CCEC8 /* MMTAnimationTableViewController.m */ = {isa = PBXFileReference; fileEncoding = 4; lastKnownFileType = sourcecode.c.objc; path = MMTAnimationTableViewController.m; sourceTree = "<group>"; };
		8DCA7B6B1B0F71C000AB8FB7 /* Images.xcassets */ = {isa = PBXFileReference; lastKnownFileType = folder.assetcatalog; path = Images.xcassets; sourceTree = "<group>"; };
		8DF1A7411B0CA714007A9DE1 /* DCHBubbleAnimatedTransitioning.h */ = {isa = PBXFileReference; fileEncoding = 4; lastKnownFileType = sourcecode.c.h; path = DCHBubbleAnimatedTransitioning.h; sourceTree = "<group>"; };
		8DF1A7421B0CA714007A9DE1 /* DCHBubbleAnimatedTransitioning.m */ = {isa = PBXFileReference; fileEncoding = 4; lastKnownFileType = sourcecode.c.objc; path = DCHBubbleAnimatedTransitioning.m; sourceTree = "<group>"; };
		8DF1A7441B0CA714007A9DE1 /* TLSpringFlowLayout.h */ = {isa = PBXFileReference; fileEncoding = 4; lastKnownFileType = sourcecode.c.h; path = TLSpringFlowLayout.h; sourceTree = "<group>"; };
		8DF1A7451B0CA714007A9DE1 /* TLSpringFlowLayout.m */ = {isa = PBXFileReference; fileEncoding = 4; lastKnownFileType = sourcecode.c.objc; path = TLSpringFlowLayout.m; sourceTree = "<group>"; };
		8DF1A7481B0CA90A007A9DE1 /* BubbleTransitionViewController.h */ = {isa = PBXFileReference; fileEncoding = 4; lastKnownFileType = sourcecode.c.h; path = BubbleTransitionViewController.h; sourceTree = "<group>"; };
		8DF1A7491B0CA90A007A9DE1 /* BubbleTransitionViewController.m */ = {isa = PBXFileReference; fileEncoding = 4; lastKnownFileType = sourcecode.c.objc; path = BubbleTransitionViewController.m; sourceTree = "<group>"; };
		8DF1A74A1B0CA90A007A9DE1 /* BubbleTransitionViewController.xib */ = {isa = PBXFileReference; fileEncoding = 4; lastKnownFileType = file.xib; path = BubbleTransitionViewController.xib; sourceTree = "<group>"; };
		8DF1A74D1B0CA929007A9DE1 /* BubbleTransitionModalViewController.h */ = {isa = PBXFileReference; fileEncoding = 4; lastKnownFileType = sourcecode.c.h; path = BubbleTransitionModalViewController.h; sourceTree = "<group>"; };
		8DF1A74E1B0CA929007A9DE1 /* BubbleTransitionModalViewController.m */ = {isa = PBXFileReference; fileEncoding = 4; lastKnownFileType = sourcecode.c.objc; path = BubbleTransitionModalViewController.m; sourceTree = "<group>"; };
		8DF1A74F1B0CA929007A9DE1 /* BubbleTransitionModalViewController.xib */ = {isa = PBXFileReference; fileEncoding = 4; lastKnownFileType = file.xib; path = BubbleTransitionModalViewController.xib; sourceTree = "<group>"; };
		9F87CB6CE6A464018C6F78C8 /* Pods-Monet.debug.xcconfig */ = {isa = PBXFileReference; includeInIndex = 1; lastKnownFileType = text.xcconfig; name = "Pods-Monet.debug.xcconfig"; path = "Pods/Target Support Files/Pods-Monet/Pods-Monet.debug.xcconfig"; sourceTree = "<group>"; };
		D1B9E6D8CE4AF96AE8F504EF /* Pods-MonetTests.debug.xcconfig */ = {isa = PBXFileReference; includeInIndex = 1; lastKnownFileType = text.xcconfig; name = "Pods-MonetTests.debug.xcconfig"; path = "Pods/Target Support Files/Pods-MonetTests/Pods-MonetTests.debug.xcconfig"; sourceTree = "<group>"; };
		D5C3A7B62A1AEBFD415096DA /* Pods-MonetTests.release.xcconfig */ = {isa = PBXFileReference; includeInIndex = 1; lastKnownFileType = text.xcconfig; name = "Pods-MonetTests.release.xcconfig"; path = "Pods/Target Support Files/Pods-MonetTests/Pods-MonetTests.release.xcconfig"; sourceTree = "<group>"; };
		EA53E93C1086AEABDEE2E1B5 /* libPods-Monet.a */ = {isa = PBXFileReference; explicitFileType = archive.ar; includeInIndex = 0; path = "libPods-Monet.a"; sourceTree = BUILT_PRODUCTS_DIR; };
/* End PBXFileReference section */

/* Begin PBXFrameworksBuildPhase section */
		8D2F81211AF74BCE0093430D /* Frameworks */ = {
			isa = PBXFrameworksBuildPhase;
			buildActionMask = 2147483647;
			files = (
				7D986FD7E27BA9049DD289FB /* libPods-Monet.a in Frameworks */,
			);
			runOnlyForDeploymentPostprocessing = 0;
		};
		8D2F813A1AF74BCE0093430D /* Frameworks */ = {
			isa = PBXFrameworksBuildPhase;
			buildActionMask = 2147483647;
			files = (
				BBC9469849B5929EFE5EAFEC /* libPods-MonetTests.a in Frameworks */,
			);
			runOnlyForDeploymentPostprocessing = 0;
		};
/* End PBXFrameworksBuildPhase section */

/* Begin PBXGroup section */
		030871D84096296BE98BDE66 /* Pods */ = {
			isa = PBXGroup;
			children = (
				9F87CB6CE6A464018C6F78C8 /* Pods-Monet.debug.xcconfig */,
				04235E4F6EA1BA26E7E54E70 /* Pods-Monet.release.xcconfig */,
				D1B9E6D8CE4AF96AE8F504EF /* Pods-MonetTests.debug.xcconfig */,
				D5C3A7B62A1AEBFD415096DA /* Pods-MonetTests.release.xcconfig */,
			);
			name = Pods;
			sourceTree = "<group>";
		};
		8D2F811B1AF74BCE0093430D = {
			isa = PBXGroup;
			children = (
				8D2F81261AF74BCE0093430D /* Monet */,
				8D2F81401AF74BCE0093430D /* MonetTests */,
				8D2F81251AF74BCE0093430D /* Products */,
				030871D84096296BE98BDE66 /* Pods */,
				B08D2B747E92A6C4CCD46C86 /* Frameworks */,
			);
			sourceTree = "<group>";
		};
		8D2F81251AF74BCE0093430D /* Products */ = {
			isa = PBXGroup;
			children = (
				8D2F81241AF74BCE0093430D /* Monet.app */,
				8D2F813D1AF74BCE0093430D /* MonetTests.xctest */,
			);
			name = Products;
			sourceTree = "<group>";
		};
		8D2F81261AF74BCE0093430D /* Monet */ = {
			isa = PBXGroup;
			children = (
				8D9D0ED91B0D6CA8002317BD /* ColoeArt */,
				8DF1A7401B0CA714007A9DE1 /* BubbleTransition */,
				8DF1A7431B0CA714007A9DE1 /* SpringFlowLayout */,
				8DBC403F1AF790F5006CCEC8 /* MMTAnimationTableViewController.h */,
				8DBC40401AF790F5006CCEC8 /* MMTAnimationTableViewController.m */,
				8D2F812B1AF74BCE0093430D /* AppDelegate.h */,
				8D2F812C1AF74BCE0093430D /* AppDelegate.m */,
				8D2F81311AF74BCE0093430D /* Main.storyboard */,
				8D2F81361AF74BCE0093430D /* LaunchScreen.xib */,
				8DCA7B6B1B0F71C000AB8FB7 /* Images.xcassets */,
				8D2F81271AF74BCE0093430D /* Supporting Files */,
			);
			path = Monet;
			sourceTree = "<group>";
		};
		8D2F81271AF74BCE0093430D /* Supporting Files */ = {
			isa = PBXGroup;
			children = (
				8D2F81281AF74BCE0093430D /* Info.plist */,
				8D2F81291AF74BCE0093430D /* main.m */,
			);
			name = "Supporting Files";
			sourceTree = "<group>";
		};
		8D2F81401AF74BCE0093430D /* MonetTests */ = {
			isa = PBXGroup;
			children = (
				8D2F81431AF74BCE0093430D /* MonetTests.m */,
				8D2F81411AF74BCE0093430D /* Supporting Files */,
			);
			path = MonetTests;
			sourceTree = "<group>";
		};
		8D2F81411AF74BCE0093430D /* Supporting Files */ = {
			isa = PBXGroup;
			children = (
				8D2F81421AF74BCE0093430D /* Info.plist */,
			);
			name = "Supporting Files";
			sourceTree = "<group>";
		};
		8D9D0ED91B0D6CA8002317BD /* ColoeArt */ = {
			isa = PBXGroup;
			children = (
				8D9D0EE71B0D7404002317BD /* DCHLinearGradientView.h */,
				8D9D0EE81B0D7404002317BD /* DCHLinearGradientView.m */,
				8D9D0EDA1B0D6CC4002317BD /* UIImage+DCHColorArt.h */,
				8D9D0EDB1B0D6CC4002317BD /* UIImage+DCHColorArt.m */,
				8D9D0EE21B0D73A4002317BD /* ColoeArtTableViewController.h */,
				8D9D0EE31B0D73A4002317BD /* ColoeArtTableViewController.m */,
				8D9D0EEA1B0D7FF9002317BD /* ColorArtTableViewCell.h */,
				8D9D0EEB1B0D7FF9002317BD /* ColorArtTableViewCell.m */,
			);
			path = ColoeArt;
			sourceTree = "<group>";
		};
		8DF1A7401B0CA714007A9DE1 /* BubbleTransition */ = {
			isa = PBXGroup;
			children = (
				8DF1A7411B0CA714007A9DE1 /* DCHBubbleAnimatedTransitioning.h */,
				8DF1A7421B0CA714007A9DE1 /* DCHBubbleAnimatedTransitioning.m */,
				8DF1A7481B0CA90A007A9DE1 /* BubbleTransitionViewController.h */,
				8DF1A7491B0CA90A007A9DE1 /* BubbleTransitionViewController.m */,
				8DF1A74A1B0CA90A007A9DE1 /* BubbleTransitionViewController.xib */,
				8DF1A74D1B0CA929007A9DE1 /* BubbleTransitionModalViewController.h */,
				8DF1A74E1B0CA929007A9DE1 /* BubbleTransitionModalViewController.m */,
				8DF1A74F1B0CA929007A9DE1 /* BubbleTransitionModalViewController.xib */,
			);
			path = BubbleTransition;
			sourceTree = "<group>";
		};
		8DF1A7431B0CA714007A9DE1 /* SpringFlowLayout */ = {
			isa = PBXGroup;
			children = (
				8DF1A7441B0CA714007A9DE1 /* TLSpringFlowLayout.h */,
				8DF1A7451B0CA714007A9DE1 /* TLSpringFlowLayout.m */,
			);
			path = SpringFlowLayout;
			sourceTree = "<group>";
		};
		B08D2B747E92A6C4CCD46C86 /* Frameworks */ = {
			isa = PBXGroup;
			children = (
				EA53E93C1086AEABDEE2E1B5 /* libPods-Monet.a */,
				49954E62A686DB6415C71487 /* libPods-MonetTests.a */,
			);
			name = Frameworks;
			sourceTree = "<group>";
		};
/* End PBXGroup section */

/* Begin PBXNativeTarget section */
		8D2F81231AF74BCE0093430D /* Monet */ = {
			isa = PBXNativeTarget;
			buildConfigurationList = 8D2F81471AF74BCE0093430D /* Build configuration list for PBXNativeTarget "Monet" */;
			buildPhases = (
				8213A79CCE56AA81D450DA4F /* Check Pods Manifest.lock */,
				8D2F81201AF74BCE0093430D /* Sources */,
				8D2F81211AF74BCE0093430D /* Frameworks */,
				8D2F81221AF74BCE0093430D /* Resources */,
				0C5F6C240B67D643036D3873 /* Copy Pods Resources */,
			);
			buildRules = (
			);
			dependencies = (
			);
			name = Monet;
			productName = Monet;
			productReference = 8D2F81241AF74BCE0093430D /* Monet.app */;
			productType = "com.apple.product-type.application";
		};
		8D2F813C1AF74BCE0093430D /* MonetTests */ = {
			isa = PBXNativeTarget;
			buildConfigurationList = 8D2F814A1AF74BCE0093430D /* Build configuration list for PBXNativeTarget "MonetTests" */;
			buildPhases = (
				C58B6597EEFFF4017AD5F730 /* Check Pods Manifest.lock */,
				8D2F81391AF74BCE0093430D /* Sources */,
				8D2F813A1AF74BCE0093430D /* Frameworks */,
				8D2F813B1AF74BCE0093430D /* Resources */,
				A6286CCD91372EC37FF506E4 /* Copy Pods Resources */,
			);
			buildRules = (
			);
			dependencies = (
				8D2F813F1AF74BCE0093430D /* PBXTargetDependency */,
			);
			name = MonetTests;
			productName = MonetTests;
			productReference = 8D2F813D1AF74BCE0093430D /* MonetTests.xctest */;
			productType = "com.apple.product-type.bundle.unit-test";
		};
/* End PBXNativeTarget section */

/* Begin PBXProject section */
		8D2F811C1AF74BCE0093430D /* Project object */ = {
			isa = PBXProject;
			attributes = {
				LastUpgradeCheck = 0630;
				ORGANIZATIONNAME = seraphcxl;
				TargetAttributes = {
					8D2F81231AF74BCE0093430D = {
						CreatedOnToolsVersion = 6.3.1;
					};
					8D2F813C1AF74BCE0093430D = {
						CreatedOnToolsVersion = 6.3.1;
						TestTargetID = 8D2F81231AF74BCE0093430D;
					};
				};
			};
			buildConfigurationList = 8D2F811F1AF74BCE0093430D /* Build configuration list for PBXProject "Monet" */;
			compatibilityVersion = "Xcode 3.2";
			developmentRegion = English;
			hasScannedForEncodings = 0;
			knownRegions = (
				en,
				Base,
			);
			mainGroup = 8D2F811B1AF74BCE0093430D;
			productRefGroup = 8D2F81251AF74BCE0093430D /* Products */;
			projectDirPath = "";
			projectRoot = "";
			targets = (
				8D2F81231AF74BCE0093430D /* Monet */,
				8D2F813C1AF74BCE0093430D /* MonetTests */,
			);
		};
/* End PBXProject section */

/* Begin PBXResourcesBuildPhase section */
		8D2F81221AF74BCE0093430D /* Resources */ = {
			isa = PBXResourcesBuildPhase;
			buildActionMask = 2147483647;
			files = (
				8D2F81331AF74BCE0093430D /* Main.storyboard in Resources */,
				8DCA7B6C1B0F71C000AB8FB7 /* Images.xcassets in Resources */,
				8DF1A74C1B0CA90A007A9DE1 /* BubbleTransitionViewController.xib in Resources */,
				8DF1A7511B0CA929007A9DE1 /* BubbleTransitionModalViewController.xib in Resources */,
				8D2F81381AF74BCE0093430D /* LaunchScreen.xib in Resources */,
			);
			runOnlyForDeploymentPostprocessing = 0;
		};
		8D2F813B1AF74BCE0093430D /* Resources */ = {
			isa = PBXResourcesBuildPhase;
			buildActionMask = 2147483647;
			files = (
			);
			runOnlyForDeploymentPostprocessing = 0;
		};
/* End PBXResourcesBuildPhase section */

/* Begin PBXShellScriptBuildPhase section */
		0C5F6C240B67D643036D3873 /* Copy Pods Resources */ = {
			isa = PBXShellScriptBuildPhase;
			buildActionMask = 2147483647;
			files = (
			);
			inputPaths = (
			);
			name = "Copy Pods Resources";
			outputPaths = (
			);
			runOnlyForDeploymentPostprocessing = 0;
			shellPath = /bin/sh;
			shellScript = "\"${SRCROOT}/Pods/Target Support Files/Pods-Monet/Pods-Monet-resources.sh\"\n";
			showEnvVarsInLog = 0;
		};
		8213A79CCE56AA81D450DA4F /* Check Pods Manifest.lock */ = {
			isa = PBXShellScriptBuildPhase;
			buildActionMask = 2147483647;
			files = (
			);
			inputPaths = (
			);
			name = "Check Pods Manifest.lock";
			outputPaths = (
			);
			runOnlyForDeploymentPostprocessing = 0;
			shellPath = /bin/sh;
			shellScript = "diff \"${PODS_ROOT}/../Podfile.lock\" \"${PODS_ROOT}/Manifest.lock\" > /dev/null\nif [[ $? != 0 ]] ; then\n    cat << EOM\nerror: The sandbox is not in sync with the Podfile.lock. Run 'pod install' or update your CocoaPods installation.\nEOM\n    exit 1\nfi\n";
			showEnvVarsInLog = 0;
		};
		A6286CCD91372EC37FF506E4 /* Copy Pods Resources */ = {
			isa = PBXShellScriptBuildPhase;
			buildActionMask = 2147483647;
			files = (
			);
			inputPaths = (
			);
			name = "Copy Pods Resources";
			outputPaths = (
			);
			runOnlyForDeploymentPostprocessing = 0;
			shellPath = /bin/sh;
			shellScript = "\"${SRCROOT}/Pods/Target Support Files/Pods-MonetTests/Pods-MonetTests-resources.sh\"\n";
			showEnvVarsInLog = 0;
		};
		C58B6597EEFFF4017AD5F730 /* Check Pods Manifest.lock */ = {
			isa = PBXShellScriptBuildPhase;
			buildActionMask = 2147483647;
			files = (
			);
			inputPaths = (
			);
			name = "Check Pods Manifest.lock";
			outputPaths = (
			);
			runOnlyForDeploymentPostprocessing = 0;
			shellPath = /bin/sh;
			shellScript = "diff \"${PODS_ROOT}/../Podfile.lock\" \"${PODS_ROOT}/Manifest.lock\" > /dev/null\nif [[ $? != 0 ]] ; then\n    cat << EOM\nerror: The sandbox is not in sync with the Podfile.lock. Run 'pod install' or update your CocoaPods installation.\nEOM\n    exit 1\nfi\n";
			showEnvVarsInLog = 0;
		};
/* End PBXShellScriptBuildPhase section */

/* Begin PBXSourcesBuildPhase section */
		8D2F81201AF74BCE0093430D /* Sources */ = {
			isa = PBXSourcesBuildPhase;
			buildActionMask = 2147483647;
			files = (
				8DF1A7461B0CA714007A9DE1 /* DCHBubbleAnimatedTransitioning.m in Sources */,
				8D9D0EDC1B0D6CC4002317BD /* UIImage+DCHColorArt.m in Sources */,
				8D2F812D1AF74BCE0093430D /* AppDelegate.m in Sources */,
				8DF1A74B1B0CA90A007A9DE1 /* BubbleTransitionViewController.m in Sources */,
				8D9D0EE51B0D73A4002317BD /* ColoeArtTableViewController.m in Sources */,
				8DF1A7501B0CA929007A9DE1 /* BubbleTransitionModalViewController.m in Sources */,
				8D2F812A1AF74BCE0093430D /* main.m in Sources */,
				8D9D0EED1B0D7FF9002317BD /* ColorArtTableViewCell.m in Sources */,
				8D9D0EE91B0D7404002317BD /* DCHLinearGradientView.m in Sources */,
				8DF1A7471B0CA714007A9DE1 /* TLSpringFlowLayout.m in Sources */,
				8DBC40411AF790F5006CCEC8 /* MMTAnimationTableViewController.m in Sources */,
			);
			runOnlyForDeploymentPostprocessing = 0;
		};
		8D2F81391AF74BCE0093430D /* Sources */ = {
			isa = PBXSourcesBuildPhase;
			buildActionMask = 2147483647;
			files = (
				8D2F81441AF74BCE0093430D /* MonetTests.m in Sources */,
			);
			runOnlyForDeploymentPostprocessing = 0;
		};
/* End PBXSourcesBuildPhase section */

/* Begin PBXTargetDependency section */
		8D2F813F1AF74BCE0093430D /* PBXTargetDependency */ = {
			isa = PBXTargetDependency;
			target = 8D2F81231AF74BCE0093430D /* Monet */;
			targetProxy = 8D2F813E1AF74BCE0093430D /* PBXContainerItemProxy */;
		};
/* End PBXTargetDependency section */

/* Begin PBXVariantGroup section */
		8D2F81311AF74BCE0093430D /* Main.storyboard */ = {
			isa = PBXVariantGroup;
			children = (
				8D2F81321AF74BCE0093430D /* Base */,
			);
			name = Main.storyboard;
			sourceTree = "<group>";
		};
		8D2F81361AF74BCE0093430D /* LaunchScreen.xib */ = {
			isa = PBXVariantGroup;
			children = (
				8D2F81371AF74BCE0093430D /* Base */,
			);
			name = LaunchScreen.xib;
			sourceTree = "<group>";
		};
/* End PBXVariantGroup section */

/* Begin XCBuildConfiguration section */
		8D2F81451AF74BCE0093430D /* Debug */ = {
			isa = XCBuildConfiguration;
			buildSettings = {
				ALWAYS_SEARCH_USER_PATHS = NO;
				CLANG_CXX_LANGUAGE_STANDARD = "gnu++0x";
				CLANG_CXX_LIBRARY = "libc++";
				CLANG_ENABLE_MODULES = YES;
				CLANG_ENABLE_OBJC_ARC = YES;
				CLANG_WARN_BOOL_CONVERSION = YES;
				CLANG_WARN_CONSTANT_CONVERSION = YES;
				CLANG_WARN_DIRECT_OBJC_ISA_USAGE = YES_ERROR;
				CLANG_WARN_EMPTY_BODY = YES;
				CLANG_WARN_ENUM_CONVERSION = YES;
				CLANG_WARN_INT_CONVERSION = YES;
				CLANG_WARN_OBJC_ROOT_CLASS = YES_ERROR;
				CLANG_WARN_UNREACHABLE_CODE = YES;
				CLANG_WARN__DUPLICATE_METHOD_MATCH = YES;
				"CODE_SIGN_IDENTITY[sdk=iphoneos*]" = "iPhone Developer";
				COPY_PHASE_STRIP = NO;
				DEBUG_INFORMATION_FORMAT = "dwarf-with-dsym";
				ENABLE_STRICT_OBJC_MSGSEND = YES;
				GCC_C_LANGUAGE_STANDARD = gnu99;
				GCC_DYNAMIC_NO_PIC = NO;
				GCC_NO_COMMON_BLOCKS = YES;
				GCC_OPTIMIZATION_LEVEL = 0;
				GCC_PREPROCESSOR_DEFINITIONS = (
					"DEBUG=1",
					"$(inherited)",
				);
				GCC_SYMBOLS_PRIVATE_EXTERN = NO;
				GCC_WARN_64_TO_32_BIT_CONVERSION = YES;
				GCC_WARN_ABOUT_RETURN_TYPE = YES_ERROR;
				GCC_WARN_UNDECLARED_SELECTOR = YES;
				GCC_WARN_UNINITIALIZED_AUTOS = YES_AGGRESSIVE;
				GCC_WARN_UNUSED_FUNCTION = YES;
				GCC_WARN_UNUSED_VARIABLE = YES;
				IPHONEOS_DEPLOYMENT_TARGET = 8.3;
				MTL_ENABLE_DEBUG_INFO = YES;
				ONLY_ACTIVE_ARCH = YES;
				SDKROOT = iphoneos;
				TARGETED_DEVICE_FAMILY = "1,2";
			};
			name = Debug;
		};
		8D2F81461AF74BCE0093430D /* Release */ = {
			isa = XCBuildConfiguration;
			buildSettings = {
				ALWAYS_SEARCH_USER_PATHS = NO;
				CLANG_CXX_LANGUAGE_STANDARD = "gnu++0x";
				CLANG_CXX_LIBRARY = "libc++";
				CLANG_ENABLE_MODULES = YES;
				CLANG_ENABLE_OBJC_ARC = YES;
				CLANG_WARN_BOOL_CONVERSION = YES;
				CLANG_WARN_CONSTANT_CONVERSION = YES;
				CLANG_WARN_DIRECT_OBJC_ISA_USAGE = YES_ERROR;
				CLANG_WARN_EMPTY_BODY = YES;
				CLANG_WARN_ENUM_CONVERSION = YES;
				CLANG_WARN_INT_CONVERSION = YES;
				CLANG_WARN_OBJC_ROOT_CLASS = YES_ERROR;
				CLANG_WARN_UNREACHABLE_CODE = YES;
				CLANG_WARN__DUPLICATE_METHOD_MATCH = YES;
				"CODE_SIGN_IDENTITY[sdk=iphoneos*]" = "iPhone Developer";
				COPY_PHASE_STRIP = NO;
				DEBUG_INFORMATION_FORMAT = "dwarf-with-dsym";
				ENABLE_NS_ASSERTIONS = NO;
				ENABLE_STRICT_OBJC_MSGSEND = YES;
				GCC_C_LANGUAGE_STANDARD = gnu99;
				GCC_NO_COMMON_BLOCKS = YES;
				GCC_WARN_64_TO_32_BIT_CONVERSION = YES;
				GCC_WARN_ABOUT_RETURN_TYPE = YES_ERROR;
				GCC_WARN_UNDECLARED_SELECTOR = YES;
				GCC_WARN_UNINITIALIZED_AUTOS = YES_AGGRESSIVE;
				GCC_WARN_UNUSED_FUNCTION = YES;
				GCC_WARN_UNUSED_VARIABLE = YES;
				IPHONEOS_DEPLOYMENT_TARGET = 8.3;
				MTL_ENABLE_DEBUG_INFO = NO;
				SDKROOT = iphoneos;
				TARGETED_DEVICE_FAMILY = "1,2";
				VALIDATE_PRODUCT = YES;
			};
			name = Release;
		};
		8D2F81481AF74BCE0093430D /* Debug */ = {
			isa = XCBuildConfiguration;
			baseConfigurationReference = 9F87CB6CE6A464018C6F78C8 /* Pods-Monet.debug.xcconfig */;
			buildSettings = {
				ASSETCATALOG_COMPILER_APPICON_NAME = AppIcon;
				INFOPLIST_FILE = Monet/Info.plist;
				LD_RUNPATH_SEARCH_PATHS = "$(inherited) @executable_path/Frameworks";
				PRODUCT_NAME = "$(TARGET_NAME)";
			};
			name = Debug;
		};
		8D2F81491AF74BCE0093430D /* Release */ = {
			isa = XCBuildConfiguration;
			baseConfigurationReference = 04235E4F6EA1BA26E7E54E70 /* Pods-Monet.release.xcconfig */;
			buildSettings = {
				ASSETCATALOG_COMPILER_APPICON_NAME = AppIcon;
				INFOPLIST_FILE = Monet/Info.plist;
				LD_RUNPATH_SEARCH_PATHS = "$(inherited) @executable_path/Frameworks";
				PRODUCT_NAME = "$(TARGET_NAME)";
			};
			name = Release;
		};
		8D2F814B1AF74BCE0093430D /* Debug */ = {
			isa = XCBuildConfiguration;
			baseConfigurationReference = D1B9E6D8CE4AF96AE8F504EF /* Pods-MonetTests.debug.xcconfig */;
			buildSettings = {
				BUNDLE_LOADER = "$(TEST_HOST)";
				FRAMEWORK_SEARCH_PATHS = (
					"$(SDKROOT)/Developer/Library/Frameworks",
					"$(inherited)",
				);
				GCC_PREPROCESSOR_DEFINITIONS = (
					"DEBUG=1",
					"$(inherited)",
				);
				INFOPLIST_FILE = MonetTests/Info.plist;
				LD_RUNPATH_SEARCH_PATHS = "$(inherited) @executable_path/Frameworks @loader_path/Frameworks";
				PRODUCT_NAME = "$(TARGET_NAME)";
				TEST_HOST = "$(BUILT_PRODUCTS_DIR)/Monet.app/Monet";
			};
			name = Debug;
		};
		8D2F814C1AF74BCE0093430D /* Release */ = {
			isa = XCBuildConfiguration;
			baseConfigurationReference = D5C3A7B62A1AEBFD415096DA /* Pods-MonetTests.release.xcconfig */;
			buildSettings = {
				BUNDLE_LOADER = "$(TEST_HOST)";
				FRAMEWORK_SEARCH_PATHS = (
					"$(SDKROOT)/Developer/Library/Frameworks",
					"$(inherited)",
				);
				INFOPLIST_FILE = MonetTests/Info.plist;
				LD_RUNPATH_SEARCH_PATHS = "$(inherited) @executable_path/Frameworks @loader_path/Frameworks";
				PRODUCT_NAME = "$(TARGET_NAME)";
				TEST_HOST = "$(BUILT_PRODUCTS_DIR)/Monet.app/Monet";
			};
			name = Release;
		};
/* End XCBuildConfiguration section */

/* Begin XCConfigurationList section */
		8D2F811F1AF74BCE0093430D /* Build configuration list for PBXProject "Monet" */ = {
			isa = XCConfigurationList;
			buildConfigurations = (
				8D2F81451AF74BCE0093430D /* Debug */,
				8D2F81461AF74BCE0093430D /* Release */,
			);
			defaultConfigurationIsVisible = 0;
			defaultConfigurationName = Release;
		};
		8D2F81471AF74BCE0093430D /* Build configuration list for PBXNativeTarget "Monet" */ = {
			isa = XCConfigurationList;
			buildConfigurations = (
				8D2F81481AF74BCE0093430D /* Debug */,
				8D2F81491AF74BCE0093430D /* Release */,
			);
			defaultConfigurationIsVisible = 0;
			defaultConfigurationName = Release;
		};
		8D2F814A1AF74BCE0093430D /* Build configuration list for PBXNativeTarget "MonetTests" */ = {
			isa = XCConfigurationList;
			buildConfigurations = (
				8D2F814B1AF74BCE0093430D /* Debug */,
				8D2F814C1AF74BCE0093430D /* Release */,
			);
			defaultConfigurationIsVisible = 0;
			defaultConfigurationName = Release;
		};
/* End XCConfigurationList section */
	};
	rootObject = 8D2F811C1AF74BCE0093430D /* Project object */;
}
